// !$*UTF8*$!
{
	archiveVersion = 1;
	classes = {
	};
	objectVersion = 46;
	objects = {

/* Begin PBXBuildFile section */
		BD993FED16FE3A2100460A3B /* UIKit.framework in Frameworks */ = {isa = PBXBuildFile; fileRef = BD993FEC16FE3A2100460A3B /* UIKit.framework */; };
		BD993FEF16FE3A2100460A3B /* Foundation.framework in Frameworks */ = {isa = PBXBuildFile; fileRef = BD993FEE16FE3A2100460A3B /* Foundation.framework */; };
		BD993FF116FE3A2100460A3B /* CoreGraphics.framework in Frameworks */ = {isa = PBXBuildFile; fileRef = BD993FF016FE3A2100460A3B /* CoreGraphics.framework */; };
		BD993FF716FE3A2100460A3B /* InfoPlist.strings in Resources */ = {isa = PBXBuildFile; fileRef = BD993FF516FE3A2100460A3B /* InfoPlist.strings */; };
		BD993FF916FE3A2100460A3B /* main.m in Sources */ = {isa = PBXBuildFile; fileRef = BD993FF816FE3A2100460A3B /* main.m */; };
		BD993FFD16FE3A2100460A3B /* NGAppDelegate.m in Sources */ = {isa = PBXBuildFile; fileRef = BD993FFC16FE3A2100460A3B /* NGAppDelegate.m */; };
		BD993FFF16FE3A2100460A3B /* Default.png in Resources */ = {isa = PBXBuildFile; fileRef = BD993FFE16FE3A2100460A3B /* Default.png */; };
		BD99400116FE3A2100460A3B /* Default@2x.png in Resources */ = {isa = PBXBuildFile; fileRef = BD99400016FE3A2100460A3B /* Default@2x.png */; };
		BD99400316FE3A2100460A3B /* Default-568h@2x.png in Resources */ = {isa = PBXBuildFile; fileRef = BD99400216FE3A2100460A3B /* Default-568h@2x.png */; };
		BD99400616FE3A2200460A3B /* MainStoryboard_iPhone.storyboard in Resources */ = {isa = PBXBuildFile; fileRef = BD99400416FE3A2200460A3B /* MainStoryboard_iPhone.storyboard */; };
		BD99400916FE3A2200460A3B /* MainStoryboard_iPad.storyboard in Resources */ = {isa = PBXBuildFile; fileRef = BD99400716FE3A2200460A3B /* MainStoryboard_iPad.storyboard */; };
		BD99400C16FE3A2200460A3B /* NGMasterViewController.m in Sources */ = {isa = PBXBuildFile; fileRef = BD99400B16FE3A2200460A3B /* NGMasterViewController.m */; };
		BD99400F16FE3A2200460A3B /* NGDetailViewController.m in Sources */ = {isa = PBXBuildFile; fileRef = BD99400E16FE3A2200460A3B /* NGDetailViewController.m */; };
		BD99401616FE3A6400460A3B /* Illusion.mp3 in Resources */ = {isa = PBXBuildFile; fileRef = BD99401516FE3A6400460A3B /* Illusion.mp3 */; };
		BD99401916FE3AD000460A3B /* NGMP3Bucket.m in Sources */ = {isa = PBXBuildFile; fileRef = BD99401816FE3AD000460A3B /* NGMP3Bucket.m */; };
		BD99401F16FE404E00460A3B /* AVFoundation.framework in Frameworks */ = {isa = PBXBuildFile; fileRef = BD99401E16FE404E00460A3B /* AVFoundation.framework */; };
		BD99402316FE407300460A3B /* WaveformImageVew.m in Sources */ = {isa = PBXBuildFile; fileRef = BD99402216FE407300460A3B /* WaveformImageVew.m */; };
		BDF9021F16FF4C9600F41708 /* CoreMedia.framework in Frameworks */ = {isa = PBXBuildFile; fileRef = BDF9021E16FF4C9600F41708 /* CoreMedia.framework */; };
		BDF9022316FF58F000F41708 /* Searchin.aiff in Resources */ = {isa = PBXBuildFile; fileRef = BDF9022216FF58F000F41708 /* Searchin.aiff */; };
		BDF9022716FF5F8A00F41708 /* NGMediaController.m in Sources */ = {isa = PBXBuildFile; fileRef = BDF9022616FF5F8A00F41708 /* NGMediaController.m */; };
		BDF9022B16FF616100F41708 /* NSNotification+NGNimbleCenter.m in Sources */ = {isa = PBXBuildFile; fileRef = BDF9022A16FF616100F41708 /* NSNotification+NGNimbleCenter.m */; };
		BDF9022E16FF61CD00F41708 /* NGNotificationHash.m in Sources */ = {isa = PBXBuildFile; fileRef = BDF9022D16FF61CD00F41708 /* NGNotificationHash.m */; settings = {COMPILER_FLAGS = "-fno-objc-arc"; }; };
		BDF9023116FF625D00F41708 /* NGKit.m in Sources */ = {isa = PBXBuildFile; fileRef = BDF9023016FF625D00F41708 /* NGKit.m */; };
		BDF9023716FF8B9500F41708 /* NSObject+NGNimbleCenter.m in Sources */ = {isa = PBXBuildFile; fileRef = BDF9023616FF8B9500F41708 /* NSObject+NGNimbleCenter.m */; };
		BDF9023916FF935C00F41708 /* AudioToolbox.framework in Frameworks */ = {isa = PBXBuildFile; fileRef = BDF9023816FF935C00F41708 /* AudioToolbox.framework */; };
		BDF9023C16FF9ECA00F41708 /* AVPlayer+NGKit.m in Sources */ = {isa = PBXBuildFile; fileRef = BDF9023B16FF9ECA00F41708 /* AVPlayer+NGKit.m */; };
		BDF9023F16FFA34F00F41708 /* AVPlayerItem+NGKit.m in Sources */ = {isa = PBXBuildFile; fileRef = BDF9023E16FFA34F00F41708 /* AVPlayerItem+NGKit.m */; };
/* End PBXBuildFile section */

/* Begin PBXFileReference section */
		BD993FE916FE3A2100460A3B /* Ominus.app */ = {isa = PBXFileReference; explicitFileType = wrapper.application; includeInIndex = 0; path = Ominus.app; sourceTree = BUILT_PRODUCTS_DIR; };
		BD993FEC16FE3A2100460A3B /* UIKit.framework */ = {isa = PBXFileReference; lastKnownFileType = wrapper.framework; name = UIKit.framework; path = System/Library/Frameworks/UIKit.framework; sourceTree = SDKROOT; };
		BD993FEE16FE3A2100460A3B /* Foundation.framework */ = {isa = PBXFileReference; lastKnownFileType = wrapper.framework; name = Foundation.framework; path = System/Library/Frameworks/Foundation.framework; sourceTree = SDKROOT; };
		BD993FF016FE3A2100460A3B /* CoreGraphics.framework */ = {isa = PBXFileReference; lastKnownFileType = wrapper.framework; name = CoreGraphics.framework; path = System/Library/Frameworks/CoreGraphics.framework; sourceTree = SDKROOT; };
		BD993FF416FE3A2100460A3B /* Ominus-Info.plist */ = {isa = PBXFileReference; lastKnownFileType = text.plist.xml; path = "Ominus-Info.plist"; sourceTree = "<group>"; };
		BD993FF616FE3A2100460A3B /* en */ = {isa = PBXFileReference; lastKnownFileType = text.plist.strings; name = en; path = en.lproj/InfoPlist.strings; sourceTree = "<group>"; };
		BD993FF816FE3A2100460A3B /* main.m */ = {isa = PBXFileReference; lastKnownFileType = sourcecode.c.objc; path = main.m; sourceTree = "<group>"; };
		BD993FFA16FE3A2100460A3B /* Ominus-Prefix.pch */ = {isa = PBXFileReference; lastKnownFileType = sourcecode.c.h; path = "Ominus-Prefix.pch"; sourceTree = "<group>"; };
		BD993FFB16FE3A2100460A3B /* NGAppDelegate.h */ = {isa = PBXFileReference; lastKnownFileType = sourcecode.c.h; path = NGAppDelegate.h; sourceTree = "<group>"; };
		BD993FFC16FE3A2100460A3B /* NGAppDelegate.m */ = {isa = PBXFileReference; lastKnownFileType = sourcecode.c.objc; path = NGAppDelegate.m; sourceTree = "<group>"; };
		BD993FFE16FE3A2100460A3B /* Default.png */ = {isa = PBXFileReference; lastKnownFileType = image.png; path = Default.png; sourceTree = "<group>"; };
		BD99400016FE3A2100460A3B /* Default@2x.png */ = {isa = PBXFileReference; lastKnownFileType = image.png; path = "Default@2x.png"; sourceTree = "<group>"; };
		BD99400216FE3A2100460A3B /* Default-568h@2x.png */ = {isa = PBXFileReference; lastKnownFileType = image.png; path = "Default-568h@2x.png"; sourceTree = "<group>"; };
		BD99400516FE3A2200460A3B /* en */ = {isa = PBXFileReference; lastKnownFileType = file.storyboard; name = en; path = en.lproj/MainStoryboard_iPhone.storyboard; sourceTree = "<group>"; };
		BD99400816FE3A2200460A3B /* en */ = {isa = PBXFileReference; lastKnownFileType = file.storyboard; name = en; path = en.lproj/MainStoryboard_iPad.storyboard; sourceTree = "<group>"; };
		BD99400A16FE3A2200460A3B /* NGMasterViewController.h */ = {isa = PBXFileReference; lastKnownFileType = sourcecode.c.h; path = NGMasterViewController.h; sourceTree = "<group>"; };
		BD99400B16FE3A2200460A3B /* NGMasterViewController.m */ = {isa = PBXFileReference; lastKnownFileType = sourcecode.c.objc; path = NGMasterViewController.m; sourceTree = "<group>"; };
		BD99400D16FE3A2200460A3B /* NGDetailViewController.h */ = {isa = PBXFileReference; lastKnownFileType = sourcecode.c.h; path = NGDetailViewController.h; sourceTree = "<group>"; };
		BD99400E16FE3A2200460A3B /* NGDetailViewController.m */ = {isa = PBXFileReference; lastKnownFileType = sourcecode.c.objc; path = NGDetailViewController.m; sourceTree = "<group>"; };
		BD99401516FE3A6400460A3B /* Illusion.mp3 */ = {isa = PBXFileReference; lastKnownFileType = audio.mp3; path = Illusion.mp3; sourceTree = "<group>"; };
		BD99401716FE3AD000460A3B /* NGMP3Bucket.h */ = {isa = PBXFileReference; fileEncoding = 4; lastKnownFileType = sourcecode.c.h; path = NGMP3Bucket.h; sourceTree = "<group>"; };
		BD99401816FE3AD000460A3B /* NGMP3Bucket.m */ = {isa = PBXFileReference; fileEncoding = 4; lastKnownFileType = sourcecode.c.objc; path = NGMP3Bucket.m; sourceTree = "<group>"; };
		BD99401E16FE404E00460A3B /* AVFoundation.framework */ = {isa = PBXFileReference; lastKnownFileType = wrapper.framework; name = AVFoundation.framework; path = System/Library/Frameworks/AVFoundation.framework; sourceTree = SDKROOT; };
		BD99402116FE407300460A3B /* WaveformImageVew.h */ = {isa = PBXFileReference; fileEncoding = 4; lastKnownFileType = sourcecode.c.h; path = WaveformImageVew.h; sourceTree = "<group>"; };
		BD99402216FE407300460A3B /* WaveformImageVew.m */ = {isa = PBXFileReference; fileEncoding = 4; lastKnownFileType = sourcecode.c.objc; path = WaveformImageVew.m; sourceTree = "<group>"; };
		BDF9021E16FF4C9600F41708 /* CoreMedia.framework */ = {isa = PBXFileReference; lastKnownFileType = wrapper.framework; name = CoreMedia.framework; path = System/Library/Frameworks/CoreMedia.framework; sourceTree = SDKROOT; };
		BDF9022216FF58F000F41708 /* Searchin.aiff */ = {isa = PBXFileReference; lastKnownFileType = audio.aiff; path = Searchin.aiff; sourceTree = "<group>"; };
		BDF9022516FF5F8A00F41708 /* NGMediaController.h */ = {isa = PBXFileReference; fileEncoding = 4; lastKnownFileType = sourcecode.c.h; name = NGMediaController.h; path = MediaControllers/NGMediaController.h; sourceTree = "<group>"; };
		BDF9022616FF5F8A00F41708 /* NGMediaController.m */ = {isa = PBXFileReference; fileEncoding = 4; lastKnownFileType = sourcecode.c.objc; name = NGMediaController.m; path = MediaControllers/NGMediaController.m; sourceTree = "<group>"; };
		BDF9022916FF616100F41708 /* NSNotification+NGNimbleCenter.h */ = {isa = PBXFileReference; fileEncoding = 4; lastKnownFileType = sourcecode.c.h; name = "NSNotification+NGNimbleCenter.h"; path = "NGKit/NSNotification+NGNimbleCenter.h"; sourceTree = "<group>"; };
		BDF9022A16FF616100F41708 /* NSNotification+NGNimbleCenter.m */ = {isa = PBXFileReference; fileEncoding = 4; lastKnownFileType = sourcecode.c.objc; name = "NSNotification+NGNimbleCenter.m"; path = "NGKit/NSNotification+NGNimbleCenter.m"; sourceTree = "<group>"; };
		BDF9022C16FF61CD00F41708 /* NGNotificationHash.h */ = {isa = PBXFileReference; fileEncoding = 4; lastKnownFileType = sourcecode.c.h; path = NGNotificationHash.h; sourceTree = "<group>"; };
		BDF9022D16FF61CD00F41708 /* NGNotificationHash.m */ = {isa = PBXFileReference; fileEncoding = 4; lastKnownFileType = sourcecode.c.objc; path = NGNotificationHash.m; sourceTree = "<group>"; };
		BDF9022F16FF625D00F41708 /* NGKit.h */ = {isa = PBXFileReference; fileEncoding = 4; lastKnownFileType = sourcecode.c.h; path = NGKit.h; sourceTree = "<group>"; };
		BDF9023016FF625D00F41708 /* NGKit.m */ = {isa = PBXFileReference; fileEncoding = 4; lastKnownFileType = sourcecode.c.objc; path = NGKit.m; sourceTree = "<group>"; };
		BDF9023516FF8B9500F41708 /* NSObject+NGNimbleCenter.h */ = {isa = PBXFileReference; fileEncoding = 4; lastKnownFileType = sourcecode.c.h; name = "NSObject+NGNimbleCenter.h"; path = "NGKit/NSObject+NGNimbleCenter.h"; sourceTree = "<group>"; };
		BDF9023616FF8B9500F41708 /* NSObject+NGNimbleCenter.m */ = {isa = PBXFileReference; fileEncoding = 4; lastKnownFileType = sourcecode.c.objc; name = "NSObject+NGNimbleCenter.m"; path = "NGKit/NSObject+NGNimbleCenter.m"; sourceTree = "<group>"; };
		BDF9023816FF935C00F41708 /* AudioToolbox.framework */ = {isa = PBXFileReference; lastKnownFileType = wrapper.framework; name = AudioToolbox.framework; path = System/Library/Frameworks/AudioToolbox.framework; sourceTree = SDKROOT; };
		BDF9023A16FF9ECA00F41708 /* AVPlayer+NGKit.h */ = {isa = PBXFileReference; fileEncoding = 4; lastKnownFileType = sourcecode.c.h; name = "AVPlayer+NGKit.h"; path = "NGKit/AVPlayer+NGKit.h"; sourceTree = "<group>"; };
		BDF9023B16FF9ECA00F41708 /* AVPlayer+NGKit.m */ = {isa = PBXFileReference; fileEncoding = 4; lastKnownFileType = sourcecode.c.objc; name = "AVPlayer+NGKit.m"; path = "NGKit/AVPlayer+NGKit.m"; sourceTree = "<group>"; };
		BDF9023D16FFA34F00F41708 /* AVPlayerItem+NGKit.h */ = {isa = PBXFileReference; fileEncoding = 4; lastKnownFileType = sourcecode.c.h; name = "AVPlayerItem+NGKit.h"; path = "NGKit/AVPlayerItem+NGKit.h"; sourceTree = "<group>"; };
		BDF9023E16FFA34F00F41708 /* AVPlayerItem+NGKit.m */ = {isa = PBXFileReference; fileEncoding = 4; lastKnownFileType = sourcecode.c.objc; name = "AVPlayerItem+NGKit.m"; path = "NGKit/AVPlayerItem+NGKit.m"; sourceTree = "<group>"; };
/* End PBXFileReference section */

/* Begin PBXFrameworksBuildPhase section */
		BD993FE616FE3A2100460A3B /* Frameworks */ = {
			isa = PBXFrameworksBuildPhase;
			buildActionMask = 2147483647;
			files = (
				BDF9023916FF935C00F41708 /* AudioToolbox.framework in Frameworks */,
				BDF9021F16FF4C9600F41708 /* CoreMedia.framework in Frameworks */,
				BD99401F16FE404E00460A3B /* AVFoundation.framework in Frameworks */,
				BD993FED16FE3A2100460A3B /* UIKit.framework in Frameworks */,
				BD993FEF16FE3A2100460A3B /* Foundation.framework in Frameworks */,
				BD993FF116FE3A2100460A3B /* CoreGraphics.framework in Frameworks */,
			);
			runOnlyForDeploymentPostprocessing = 0;
		};
/* End PBXFrameworksBuildPhase section */

/* Begin PBXGroup section */
		BD993FE016FE3A2100460A3B = {
			isa = PBXGroup;
			children = (
				BD993FF216FE3A2100460A3B /* Ominus */,
				BD993FEB16FE3A2100460A3B /* Frameworks */,
				BD993FEA16FE3A2100460A3B /* Products */,
			);
			sourceTree = "<group>";
		};
		BD993FEA16FE3A2100460A3B /* Products */ = {
			isa = PBXGroup;
			children = (
				BD993FE916FE3A2100460A3B /* Ominus.app */,
			);
			name = Products;
			sourceTree = "<group>";
		};
		BD993FEB16FE3A2100460A3B /* Frameworks */ = {
			isa = PBXGroup;
			children = (
				BDF9023816FF935C00F41708 /* AudioToolbox.framework */,
				BD99401E16FE404E00460A3B /* AVFoundation.framework */,
				BD993FF016FE3A2100460A3B /* CoreGraphics.framework */,
				BDF9021E16FF4C9600F41708 /* CoreMedia.framework */,
				BD993FEE16FE3A2100460A3B /* Foundation.framework */,
				BD993FEC16FE3A2100460A3B /* UIKit.framework */,
			);
			name = Frameworks;
			sourceTree = "<group>";
		};
		BD993FF216FE3A2100460A3B /* Ominus */ = {
			isa = PBXGroup;
			children = (
				BD993FFB16FE3A2100460A3B /* NGAppDelegate.h */,
				BD993FFC16FE3A2100460A3B /* NGAppDelegate.m */,
				BDF9022816FF612C00F41708 /* NGKit */,
				BDF9022416FF5F3D00F41708 /* MediaControllers */,
				BDF9023216FF760600F41708 /* Views */,
				BDF9023416FF762E00F41708 /* ViewControllers */,
				BDF9023316FF762600F41708 /* Models */,
				BD99402016FE407300460A3B /* Vendor (Modified) */,
				BD993FF316FE3A2100460A3B /* Supporting Files */,
			);
			path = Ominus;
			sourceTree = "<group>";
		};
		BD993FF316FE3A2100460A3B /* Supporting Files */ = {
			isa = PBXGroup;
			children = (
				BDF9022216FF58F000F41708 /* Searchin.aiff */,
				BD99401516FE3A6400460A3B /* Illusion.mp3 */,
				BD993FF416FE3A2100460A3B /* Ominus-Info.plist */,
				BD993FF516FE3A2100460A3B /* InfoPlist.strings */,
				BD993FF816FE3A2100460A3B /* main.m */,
				BD993FFA16FE3A2100460A3B /* Ominus-Prefix.pch */,
				BD993FFE16FE3A2100460A3B /* Default.png */,
				BD99400016FE3A2100460A3B /* Default@2x.png */,
				BD99400216FE3A2100460A3B /* Default-568h@2x.png */,
			);
			name = "Supporting Files";
			sourceTree = "<group>";
		};
		BD99402016FE407300460A3B /* Vendor (Modified) */ = {
			isa = PBXGroup;
			children = (
				BD99402116FE407300460A3B /* WaveformImageVew.h */,
				BD99402216FE407300460A3B /* WaveformImageVew.m */,
			);
			name = "Vendor (Modified)";
			path = Vendor;
			sourceTree = "<group>";
		};
		BDF9022416FF5F3D00F41708 /* MediaControllers */ = {
			isa = PBXGroup;
			children = (
				BDF9022516FF5F8A00F41708 /* NGMediaController.h */,
				BDF9022616FF5F8A00F41708 /* NGMediaController.m */,
			);
			name = MediaControllers;
			sourceTree = "<group>";
		};
		BDF9022816FF612C00F41708 /* NGKit */ = {
			isa = PBXGroup;
			children = (
				BDF9022F16FF625D00F41708 /* NGKit.h */,
				BDF9023016FF625D00F41708 /* NGKit.m */,
				BDF9022916FF616100F41708 /* NSNotification+NGNimbleCenter.h */,
				BDF9022A16FF616100F41708 /* NSNotification+NGNimbleCenter.m */,
				BDF9022C16FF61CD00F41708 /* NGNotificationHash.h */,
				BDF9022D16FF61CD00F41708 /* NGNotificationHash.m */,
				BDF9023516FF8B9500F41708 /* NSObject+NGNimbleCenter.h */,
				BDF9023616FF8B9500F41708 /* NSObject+NGNimbleCenter.m */,
				BDF9023A16FF9ECA00F41708 /* AVPlayer+NGKit.h */,
				BDF9023B16FF9ECA00F41708 /* AVPlayer+NGKit.m */,
				BDF9023D16FFA34F00F41708 /* AVPlayerItem+NGKit.h */,
				BDF9023E16FFA34F00F41708 /* AVPlayerItem+NGKit.m */,
			);
			name = NGKit;
			sourceTree = "<group>";
		};
		BDF9023216FF760600F41708 /* Views */ = {
			isa = PBXGroup;
			children = (
				BD99400416FE3A2200460A3B /* MainStoryboard_iPhone.storyboard */,
				BD99400716FE3A2200460A3B /* MainStoryboard_iPad.storyboard */,
			);
			name = Views;
			sourceTree = "<group>";
		};
		BDF9023316FF762600F41708 /* Models */ = {
			isa = PBXGroup;
			children = (
				BD99401716FE3AD000460A3B /* NGMP3Bucket.h */,
				BD99401816FE3AD000460A3B /* NGMP3Bucket.m */,
			);
			name = Models;
			sourceTree = "<group>";
		};
		BDF9023416FF762E00F41708 /* ViewControllers */ = {
			isa = PBXGroup;
			children = (
				BD99400A16FE3A2200460A3B /* NGMasterViewController.h */,
				BD99400B16FE3A2200460A3B /* NGMasterViewController.m */,
				BD99400D16FE3A2200460A3B /* NGDetailViewController.h */,
				BD99400E16FE3A2200460A3B /* NGDetailViewController.m */,
			);
			name = ViewControllers;
			sourceTree = "<group>";
		};
/* End PBXGroup section */

/* Begin PBXNativeTarget section */
		BD993FE816FE3A2100460A3B /* Ominus */ = {
			isa = PBXNativeTarget;
			buildConfigurationList = BD99401216FE3A2200460A3B /* Build configuration list for PBXNativeTarget "Ominus" */;
			buildPhases = (
				BD993FE516FE3A2100460A3B /* Sources */,
				BD993FE616FE3A2100460A3B /* Frameworks */,
				BD993FE716FE3A2100460A3B /* Resources */,
			);
			buildRules = (
			);
			dependencies = (
			);
			name = Ominus;
			productName = Ominus;
			productReference = BD993FE916FE3A2100460A3B /* Ominus.app */;
			productType = "com.apple.product-type.application";
		};
/* End PBXNativeTarget section */

/* Begin PBXProject section */
		BD993FE116FE3A2100460A3B /* Project object */ = {
			isa = PBXProject;
			attributes = {
				CLASSPREFIX = NG;
				LastUpgradeCheck = 0460;
				ORGANIZATIONNAME = "Noble Gesture";
			};
			buildConfigurationList = BD993FE416FE3A2100460A3B /* Build configuration list for PBXProject "Ominus" */;
			compatibilityVersion = "Xcode 3.2";
			developmentRegion = English;
			hasScannedForEncodings = 0;
			knownRegions = (
				en,
			);
			mainGroup = BD993FE016FE3A2100460A3B;
			productRefGroup = BD993FEA16FE3A2100460A3B /* Products */;
			projectDirPath = "";
			projectRoot = "";
			targets = (
				BD993FE816FE3A2100460A3B /* Ominus */,
			);
		};
/* End PBXProject section */

/* Begin PBXResourcesBuildPhase section */
		BD993FE716FE3A2100460A3B /* Resources */ = {
			isa = PBXResourcesBuildPhase;
			buildActionMask = 2147483647;
			files = (
				BD993FF716FE3A2100460A3B /* InfoPlist.strings in Resources */,
				BD993FFF16FE3A2100460A3B /* Default.png in Resources */,
				BD99400116FE3A2100460A3B /* Default@2x.png in Resources */,
				BD99400316FE3A2100460A3B /* Default-568h@2x.png in Resources */,
				BD99400616FE3A2200460A3B /* MainStoryboard_iPhone.storyboard in Resources */,
				BD99400916FE3A2200460A3B /* MainStoryboard_iPad.storyboard in Resources */,
				BD99401616FE3A6400460A3B /* Illusion.mp3 in Resources */,
				BDF9022316FF58F000F41708 /* Searchin.aiff in Resources */,
			);
			runOnlyForDeploymentPostprocessing = 0;
		};
/* End PBXResourcesBuildPhase section */

/* Begin PBXSourcesBuildPhase section */
		BD993FE516FE3A2100460A3B /* Sources */ = {
			isa = PBXSourcesBuildPhase;
			buildActionMask = 2147483647;
			files = (
				BD993FF916FE3A2100460A3B /* main.m in Sources */,
				BD993FFD16FE3A2100460A3B /* NGAppDelegate.m in Sources */,
				BD99400C16FE3A2200460A3B /* NGMasterViewController.m in Sources */,
				BD99400F16FE3A2200460A3B /* NGDetailViewController.m in Sources */,
				BD99401916FE3AD000460A3B /* NGMP3Bucket.m in Sources */,
				BD99402316FE407300460A3B /* WaveformImageVew.m in Sources */,
				BDF9022716FF5F8A00F41708 /* NGMediaController.m in Sources */,
				BDF9022B16FF616100F41708 /* NSNotification+NGNimbleCenter.m in Sources */,
				BDF9022E16FF61CD00F41708 /* NGNotificationHash.m in Sources */,
				BDF9023116FF625D00F41708 /* NGKit.m in Sources */,
				BDF9023716FF8B9500F41708 /* NSObject+NGNimbleCenter.m in Sources */,
				BDF9023C16FF9ECA00F41708 /* AVPlayer+NGKit.m in Sources */,
				BDF9023F16FFA34F00F41708 /* AVPlayerItem+NGKit.m in Sources */,
			);
			runOnlyForDeploymentPostprocessing = 0;
		};
/* End PBXSourcesBuildPhase section */

/* Begin PBXVariantGroup section */
		BD993FF516FE3A2100460A3B /* InfoPlist.strings */ = {
			isa = PBXVariantGroup;
			children = (
				BD993FF616FE3A2100460A3B /* en */,
			);
			name = InfoPlist.strings;
			sourceTree = "<group>";
		};
		BD99400416FE3A2200460A3B /* MainStoryboard_iPhone.storyboard */ = {
			isa = PBXVariantGroup;
			children = (
				BD99400516FE3A2200460A3B /* en */,
			);
			name = MainStoryboard_iPhone.storyboard;
			sourceTree = "<group>";
		};
		BD99400716FE3A2200460A3B /* MainStoryboard_iPad.storyboard */ = {
			isa = PBXVariantGroup;
			children = (
				BD99400816FE3A2200460A3B /* en */,
			);
			name = MainStoryboard_iPad.storyboard;
			sourceTree = "<group>";
		};
/* End PBXVariantGroup section */

/* Begin XCBuildConfiguration section */
		BD99401016FE3A2200460A3B /* Debug */ = {
			isa = XCBuildConfiguration;
			buildSettings = {
				ALWAYS_SEARCH_USER_PATHS = NO;
				CLANG_CXX_LANGUAGE_STANDARD = "gnu++0x";
				CLANG_CXX_LIBRARY = "libc++";
				CLANG_ENABLE_OBJC_ARC = YES;
				CLANG_WARN_CONSTANT_CONVERSION = YES;
				CLANG_WARN_EMPTY_BODY = YES;
				CLANG_WARN_ENUM_CONVERSION = YES;
				CLANG_WARN_INT_CONVERSION = YES;
				CLANG_WARN__DUPLICATE_METHOD_MATCH = YES;
				"CODE_SIGN_IDENTITY[sdk=iphoneos*]" = "iPhone Developer";
				COPY_PHASE_STRIP = NO;
				GCC_C_LANGUAGE_STANDARD = gnu99;
				GCC_DYNAMIC_NO_PIC = NO;
				GCC_OPTIMIZATION_LEVEL = 0;
				GCC_PREPROCESSOR_DEFINITIONS = (
					"DEBUG=1",
					"$(inherited)",
				);
				GCC_SYMBOLS_PRIVATE_EXTERN = NO;
				GCC_WARN_ABOUT_RETURN_TYPE = YES;
				GCC_WARN_UNINITIALIZED_AUTOS = YES;
				GCC_WARN_UNUSED_VARIABLE = YES;
				IPHONEOS_DEPLOYMENT_TARGET = 6.1;
				ONLY_ACTIVE_ARCH = YES;
				SDKROOT = iphoneos;
				TARGETED_DEVICE_FAMILY = "1,2";
			};
			name = Debug;
		};
		BD99401116FE3A2200460A3B /* Release */ = {
			isa = XCBuildConfiguration;
			buildSettings = {
				ALWAYS_SEARCH_USER_PATHS = NO;
				CLANG_CXX_LANGUAGE_STANDARD = "gnu++0x";
				CLANG_CXX_LIBRARY = "libc++";
				CLANG_ENABLE_OBJC_ARC = YES;
				CLANG_WARN_CONSTANT_CONVERSION = YES;
				CLANG_WARN_EMPTY_BODY = YES;
				CLANG_WARN_ENUM_CONVERSION = YES;
				CLANG_WARN_INT_CONVERSION = YES;
				CLANG_WARN__DUPLICATE_METHOD_MATCH = YES;
				"CODE_SIGN_IDENTITY[sdk=iphoneos*]" = "iPhone Developer";
				COPY_PHASE_STRIP = YES;
				GCC_C_LANGUAGE_STANDARD = gnu99;
				GCC_WARN_ABOUT_RETURN_TYPE = YES;
				GCC_WARN_UNINITIALIZED_AUTOS = YES;
				GCC_WARN_UNUSED_VARIABLE = YES;
				IPHONEOS_DEPLOYMENT_TARGET = 6.1;
				OTHER_CFLAGS = "-DNS_BLOCK_ASSERTIONS=1";
				SDKROOT = iphoneos;
				TARGETED_DEVICE_FAMILY = "1,2";
				VALIDATE_PRODUCT = YES;
			};
			name = Release;
		};
		BD99401316FE3A2200460A3B /* Debug */ = {
			isa = XCBuildConfiguration;
			buildSettings = {
				GCC_PRECOMPILE_PREFIX_HEADER = YES;
				GCC_PREFIX_HEADER = "Ominus/Ominus-Prefix.pch";
				INFOPLIST_FILE = "Ominus/Ominus-Info.plist";
				PRODUCT_NAME = "$(TARGET_NAME)";
				WRAPPER_EXTENSION = app;
			};
			name = Debug;
		};
		BD99401416FE3A2200460A3B /* Release */ = {
			isa = XCBuildConfiguration;
			buildSettings = {
				GCC_PRECOMPILE_PREFIX_HEADER = YES;
				GCC_PREFIX_HEADER = "Ominus/Ominus-Prefix.pch";
				INFOPLIST_FILE = "Ominus/Ominus-Info.plist";
				PRODUCT_NAME = "$(TARGET_NAME)";
				WRAPPER_EXTENSION = app;
			};
			name = Release;
		};
/* End XCBuildConfiguration section */

/* Begin XCConfigurationList section */
		BD993FE416FE3A2100460A3B /* Build configuration list for PBXProject "Ominus" */ = {
			isa = XCConfigurationList;
			buildConfigurations = (
				BD99401016FE3A2200460A3B /* Debug */,
				BD99401116FE3A2200460A3B /* Release */,
			);
			defaultConfigurationIsVisible = 0;
			defaultConfigurationName = Release;
		};
		BD99401216FE3A2200460A3B /* Build configuration list for PBXNativeTarget "Ominus" */ = {
			isa = XCConfigurationList;
			buildConfigurations = (
				BD99401316FE3A2200460A3B /* Debug */,
				BD99401416FE3A2200460A3B /* Release */,
			);
			defaultConfigurationIsVisible = 0;
			defaultConfigurationName = Release;
		};
/* End XCConfigurationList section */
	};
	rootObject = BD993FE116FE3A2100460A3B /* Project object */;
}
